
Microsoft Visual Studio Solution File, Format Version 12.00
# Visual Studio Version 16
VisualStudioVersion = 16.0.31321.278
MinimumVisualStudioVersion = 10.0.40219.1
Project("{9A19103F-16F7-4668-BE54-9A1E7A4F7556}") = "Exacel", "Exacel\Exacel.csproj", "{FE82354B-8622-40E6-964F-52ADDAD0BA6B}"
EndProject
Project("{FAE04EC0-301F-11D3-BF4B-00C04F79EFBC}") = "ConsoleApp1", "ConsoleApp1\ConsoleApp1.csproj", "{DDA2297C-B4AE-469C-B5B7-E6F68F9A837E}"
EndProject
Project("{FAE04EC0-301F-11D3-BF4B-00C04F79EFBC}") = "WebApplication1", "WebApplication1\WebApplication1.csproj", "{42CBE448-F870-4406-B11F-6C8BAF9A32FD}"
EndProject
Project("{FAE04EC0-301F-11D3-BF4B-00C04F79EFBC}") = "WebApplication2", "WebApplication2\WebApplication2.csproj", "{09D90975-CF06-4F31-9ADF-F5019C8A6514}"
EndProject
Global
	GlobalSection(SolutionConfigurationPlatforms) = preSolution
		Debug|Any CPU = Debug|Any CPU
		Release|Any CPU = Release|Any CPU
	EndGlobalSection
	GlobalSection(ProjectConfigurationPlatforms) = postSolution
		{FE82354B-8622-40E6-964F-52ADDAD0BA6B}.Debug|Any CPU.ActiveCfg = Debug|Any CPU
		{FE82354B-8622-40E6-964F-52ADDAD0BA6B}.Debug|Any CPU.Build.0 = Debug|Any CPU
		{FE82354B-8622-40E6-964F-52ADDAD0BA6B}.Release|Any CPU.ActiveCfg = Release|Any CPU
		{FE82354B-8622-40E6-964F-52ADDAD0BA6B}.Release|Any CPU.Build.0 = Release|Any CPU
		{DDA2297C-B4AE-469C-B5B7-E6F68F9A837E}.Debug|Any CPU.ActiveCfg = Debug|Any CPU
		{DDA2297C-B4AE-469C-B5B7-E6F68F9A837E}.Debug|Any CPU.Build.0 = Debug|Any CPU
		{DDA2297C-B4AE-469C-B5B7-E6F68F9A837E}.Release|Any CPU.ActiveCfg = Release|Any CPU
		{DDA2297C-B4AE-469C-B5B7-E6F68F9A837E}.Release|Any CPU.Build.0 = Release|Any CPU
		{42CBE448-F870-4406-B11F-6C8BAF9A32FD}.Debug|Any CPU.ActiveCfg = Debug|Any CPU
		{42CBE448-F870-4406-B11F-6C8BAF9A32FD}.Debug|Any CPU.Build.0 = Debug|Any CPU
		{42CBE448-F870-4406-B11F-6C8BAF9A32FD}.Release|Any CPU.ActiveCfg = Release|Any CPU
		{42CBE448-F870-4406-B11F-6C8BAF9A32FD}.Release|Any CPU.Build.0 = Release|Any CPU
		{09D90975-CF06-4F31-9ADF-F5019C8A6514}.Debug|Any CPU.ActiveCfg = Debug|Any CPU
		{09D90975-CF06-4F31-9ADF-F5019C8A6514}.Debug|Any CPU.Build.0 = Debug|Any CPU
		{09D90975-CF06-4F31-9ADF-F5019C8A6514}.Release|Any CPU.ActiveCfg = Release|Any CPU
		{09D90975-CF06-4F31-9ADF-F5019C8A6514}.Release|Any CPU.Build.0 = Release|Any CPU
	EndGlobalSection
	GlobalSection(SolutionProperties) = preSolution
		HideSolutionNode = FALSE
	EndGlobalSection
	GlobalSection(ExtensibilityGlobals) = postSolution
		SolutionGuid = {35877240-F0FB-40E0-B559-C4E91DBFDC58}
	EndGlobalSection
EndGlobal
